
Microsoft Visual Studio Solution File, Format Version 12.00
# Visual Studio Version 16
VisualStudioVersion = 16.0.32106.194
MinimumVisualStudioVersion = 10.0.40219.1
Project("{FAE04EC0-301F-11D3-BF4B-00C04F79EFBC}") = "BoundyKeeper.DAL", "BoundyKeeper.DAL\BoundyKeeper.DAL.csproj", "{2984BD69-4B2B-4EB0-85C8-6ACA8807CD34}"
EndProject
Global
	GlobalSection(SolutionConfigurationPlatforms) = preSolution
		Debug|Any CPU = Debug|Any CPU
		Release|Any CPU = Release|Any CPU
	EndGlobalSection
	GlobalSection(ProjectConfigurationPlatforms) = postSolution
		{2984BD69-4B2B-4EB0-85C8-6ACA8807CD34}.Debug|Any CPU.ActiveCfg = Debug|Any CPU
		{2984BD69-4B2B-4EB0-85C8-6ACA8807CD34}.Debug|Any CPU.Build.0 = Debug|Any CPU
		{2984BD69-4B2B-4EB0-85C8-6ACA8807CD34}.Release|Any CPU.ActiveCfg = Release|Any CPU
		{2984BD69-4B2B-4EB0-85C8-6ACA8807CD34}.Release|Any CPU.Build.0 = Release|Any CPU
	EndGlobalSection
	GlobalSection(SolutionProperties) = preSolution
		HideSolutionNode = FALSE
	EndGlobalSection
	GlobalSection(ExtensibilityGlobals) = postSolution
		SolutionGuid = {81AA7377-190A-49EE-BA6C-08DCFAF3AD5E}
	EndGlobalSection
EndGlobal
